github.com/Showmax/go-fqdn v0.0.0-20180501083314-6f60894d629f h1:JqQetNUOVIen9o9K9c+BHgYePFGXQmedq/A6F58Xu+w=
github.com/Showmax/go-fqdn v0.0.0-20180501083314-6f60894d629f/go.mod h1:nxfWvpOWKx1oAU7G3U8UYWL/iY6EKdjjv1w/S8HDsvg=
github.com/Workiva/go-datastructures v1.0.50 h1:slDmfW6KCHcC7U+LP3DDBbm4fqTwZGn1beOFPfGaLvo=
github.com/Workiva/go-datastructures v1.0.50/go.mod h1:Z+F2Rca0qCsVYDS8z7bAGm8f3UkzuWYS/oBZz5a7VVA=
github.com/boombuler/barcode v1.0.0 h1:s1TvRnXwL2xJRaccrdcBQMZxq6X7DvsMogtmJeHDdrc=
github.com/boombuler/barcode v1.0.0/go.mod h1:paBWMcWSl3LHKBqUq+rly7CNSldXjb2rDl3JlRe0mD8=
github.com/denisbrodbeck/machineid v1.0.0 h1:6tMg1EaB3r/EfIqKS0on/pvkRBZJAXH3fmSLGi8SWf0=
github.com/denisbrodbeck/machineid v1.0.0/go.mod h1:dJUwb7PTidGDeYyUBmXZ2GphQBbjJCrnectwCyxcUSI=
github.com/jacobsa/go-serial v0.0.0-20180131005756-15cf729a72d4 h1:G2ztCwXov8mRvP0ZfjE6nAlaCX2XbykaeHdbT6KwDz0=
github.com/jacobsa/go-serial v0.0.0-20180131005756-15cf729a72d4/go.mod h1:2RvX5ZjVtsznNZPEt4xwJXNJrM3VTZoQf7V6gk0ysvs=
github.com/mkideal/pkg v0.0.0-20170503154153-3e188c9e7ecc h1:eyN9UWVX+CeeCQZPudCUAPc84xQYTjEu9MWNa2HuJrs=
github.com/mkideal/pkg v0.0.0-20170503154153-3e188c9e7ecc/go.mod h1:DECgB56amjU/mmmsKuooNPQ1856HASOMC3D4ntSVU70=
golang.org/x/image v0.0.0-20190118043309-183bebdce1b2 h1:FNSSV4jv1PrPsiM2iKGpqLPPgYACqh9Muav7Pollk1k=
golang.org/x/image v0.0.0-20190118043309-183bebdce1b2/go.mod h1:ux5Hcp/YLpHSI86hEcLt0YII63i6oz57MZXIpbrjZUs=
golang.org/x/sys v0.0.0-20190201152629-afcc84fd7533 h1:bLfqnzrpeG4usq5OvMCrwTdmMJ6aTmlCuo1eKl0mhkI=
golang.org/x/sys v0.0.0-20190201152629-afcc84fd7533/go.mod h1:STP8DvDyc/dI5b8T5hshtkjS+E42TnysNCUPdjciGhY=
golang.org/x/text v0.3.0 h1:g61tztE5qeGQ89tm6NTjjM9VPIm088od1l6aSorWRWg=
golang.org/x/text v0.3.0/go.mod h1:NqM8EUOU14njkJ3fqMW+pc6Ldnwhi/IjpwHt7yyuwOQ=
